
Microsoft Visual Studio Solution File, Format Version 12.00
# Visual Studio 15
VisualStudioVersion = 15.0.28307.489
MinimumVisualStudioVersion = 10.0.40219.1
Project("{FAE04EC0-301F-11D3-BF4B-00C04F79EFBC}") = "MyBlog.UI", "MyBlog.UI\MyBlog.UI.csproj", "{F3F5E441-85F1-47D1-92CD-97FD00D58170}"
EndProject
Project("{FAE04EC0-301F-11D3-BF4B-00C04F79EFBC}") = "MyBlog.DAL", "MyBlog.DAL\MyBlog.DAL.csproj", "{1AF912D1-9391-4DC6-BCF1-2D4968E22F4F}"
EndProject
Project("{FAE04EC0-301F-11D3-BF4B-00C04F79EFBC}") = "MyBlog.BLL", "MyBlog.BLL\MyBlog.BLL.csproj", "{68C5C240-AF98-4E48-A085-0C124A76D4CC}"
EndProject
Global
	GlobalSection(SolutionConfigurationPlatforms) = preSolution
		Debug|Any CPU = Debug|Any CPU
		Release|Any CPU = Release|Any CPU
	EndGlobalSection
	GlobalSection(ProjectConfigurationPlatforms) = postSolution
		{F3F5E441-85F1-47D1-92CD-97FD00D58170}.Debug|Any CPU.ActiveCfg = Debug|Any CPU
		{F3F5E441-85F1-47D1-92CD-97FD00D58170}.Debug|Any CPU.Build.0 = Debug|Any CPU
		{F3F5E441-85F1-47D1-92CD-97FD00D58170}.Release|Any CPU.ActiveCfg = Release|Any CPU
		{F3F5E441-85F1-47D1-92CD-97FD00D58170}.Release|Any CPU.Build.0 = Release|Any CPU
		{1AF912D1-9391-4DC6-BCF1-2D4968E22F4F}.Debug|Any CPU.ActiveCfg = Debug|Any CPU
		{1AF912D1-9391-4DC6-BCF1-2D4968E22F4F}.Debug|Any CPU.Build.0 = Debug|Any CPU
		{1AF912D1-9391-4DC6-BCF1-2D4968E22F4F}.Release|Any CPU.ActiveCfg = Release|Any CPU
		{1AF912D1-9391-4DC6-BCF1-2D4968E22F4F}.Release|Any CPU.Build.0 = Release|Any CPU
		{68C5C240-AF98-4E48-A085-0C124A76D4CC}.Debug|Any CPU.ActiveCfg = Debug|Any CPU
		{68C5C240-AF98-4E48-A085-0C124A76D4CC}.Debug|Any CPU.Build.0 = Debug|Any CPU
		{68C5C240-AF98-4E48-A085-0C124A76D4CC}.Release|Any CPU.ActiveCfg = Release|Any CPU
		{68C5C240-AF98-4E48-A085-0C124A76D4CC}.Release|Any CPU.Build.0 = Release|Any CPU
	EndGlobalSection
	GlobalSection(SolutionProperties) = preSolution
		HideSolutionNode = FALSE
	EndGlobalSection
	GlobalSection(ExtensibilityGlobals) = postSolution
		SolutionGuid = {3ABA66CF-46F3-490C-BC83-9831BB9E1AD8}
	EndGlobalSection
EndGlobal
